// !$*UTF8*$!
{
	archiveVersion = 1;
	classes = {
	};
	objectVersion = 77;
	objects = {

/* Begin PBXBuildFile section */
		5256591D2CA3ED3600FD92E4 /* GoogleSignIn in Frameworks */ = {isa = PBXBuildFile; productRef = 5256591C2CA3ED3600FD92E4 /* GoogleSignIn */; };
		5256591F2CA3ED3600FD92E4 /* GoogleSignInSwift in Frameworks */ = {isa = PBXBuildFile; productRef = 5256591E2CA3ED3600FD92E4 /* GoogleSignInSwift */; };
/* End PBXBuildFile section */

/* Begin PBXContainerItemProxy section */
		525658FF2CA3E94000FD92E4 /* PBXContainerItemProxy */ = {
			isa = PBXContainerItemProxy;
			containerPortal = 525658E52CA3E93F00FD92E4 /* Project object */;
			proxyType = 1;
			remoteGlobalIDString = 525658EC2CA3E93F00FD92E4;
			remoteInfo = TestLoginJomGoogle;
		};
		525659092CA3E94000FD92E4 /* PBXContainerItemProxy */ = {
			isa = PBXContainerItemProxy;
			containerPortal = 525658E52CA3E93F00FD92E4 /* Project object */;
			proxyType = 1;
			remoteGlobalIDString = 525658EC2CA3E93F00FD92E4;
			remoteInfo = TestLoginJomGoogle;
		};
/* End PBXContainerItemProxy section */

/* Begin PBXFileReference section */
		525658ED2CA3E93F00FD92E4 /* TestLoginJomGoogle.app */ = {isa = PBXFileReference; explicitFileType = wrapper.application; includeInIndex = 0; path = TestLoginJomGoogle.app; sourceTree = BUILT_PRODUCTS_DIR; };
		525658FE2CA3E94000FD92E4 /* TestLoginJomGoogleTests.xctest */ = {isa = PBXFileReference; explicitFileType = wrapper.cfbundle; includeInIndex = 0; path = TestLoginJomGoogleTests.xctest; sourceTree = BUILT_PRODUCTS_DIR; };
		525659082CA3E94000FD92E4 /* TestLoginJomGoogleUITests.xctest */ = {isa = PBXFileReference; explicitFileType = wrapper.cfbundle; includeInIndex = 0; path = TestLoginJomGoogleUITests.xctest; sourceTree = BUILT_PRODUCTS_DIR; };
/* End PBXFileReference section */

/* Begin PBXFileSystemSynchronizedBuildFileExceptionSet section */
		525659212CA3EF8C00FD92E4 /* Exceptions for "TestLoginJomGoogle" folder in "TestLoginJomGoogle" target */ = {
			isa = PBXFileSystemSynchronizedBuildFileExceptionSet;
			membershipExceptions = (
				Info.plist,
			);
			target = 525658EC2CA3E93F00FD92E4 /* TestLoginJomGoogle */;
		};
/* End PBXFileSystemSynchronizedBuildFileExceptionSet section */

/* Begin PBXFileSystemSynchronizedRootGroup section */
		525658EF2CA3E93F00FD92E4 /* TestLoginJomGoogle */ = {
			isa = PBXFileSystemSynchronizedRootGroup;
			exceptions = (
				525659212CA3EF8C00FD92E4 /* Exceptions for "TestLoginJomGoogle" folder in "TestLoginJomGoogle" target */,
			);
			path = TestLoginJomGoogle;
			sourceTree = "<group>";
		};
		525659012CA3E94000FD92E4 /* TestLoginJomGoogleTests */ = {
			isa = PBXFileSystemSynchronizedRootGroup;
			path = TestLoginJomGoogleTests;
			sourceTree = "<group>";
		};
		5256590B2CA3E94000FD92E4 /* TestLoginJomGoogleUITests */ = {
			isa = PBXFileSystemSynchronizedRootGroup;
			path = TestLoginJomGoogleUITests;
			sourceTree = "<group>";
		};
/* End PBXFileSystemSynchronizedRootGroup section */

/* Begin PBXFrameworksBuildPhase section */
		525658EA2CA3E93F00FD92E4 /* Frameworks */ = {
			isa = PBXFrameworksBuildPhase;
			buildActionMask = 2147483647;
			files = (
				5256591D2CA3ED3600FD92E4 /* GoogleSignIn in Frameworks */,
				5256591F2CA3ED3600FD92E4 /* GoogleSignInSwift in Frameworks */,
			);
			runOnlyForDeploymentPostprocessing = 0;
		};
		525658FB2CA3E94000FD92E4 /* Frameworks */ = {
			isa = PBXFrameworksBuildPhase;
			buildActionMask = 2147483647;
			files = (
			);
			runOnlyForDeploymentPostprocessing = 0;
		};
		525659052CA3E94000FD92E4 /* Frameworks */ = {
			isa = PBXFrameworksBuildPhase;
			buildActionMask = 2147483647;
			files = (
			);
			runOnlyForDeploymentPostprocessing = 0;
		};
/* End PBXFrameworksBuildPhase section */

/* Begin PBXGroup section */
		525658E42CA3E93F00FD92E4 = {
			isa = PBXGroup;
			children = (
				525658EF2CA3E93F00FD92E4 /* TestLoginJomGoogle */,
				525659012CA3E94000FD92E4 /* TestLoginJomGoogleTests */,
				5256590B2CA3E94000FD92E4 /* TestLoginJomGoogleUITests */,
				525658EE2CA3E93F00FD92E4 /* Products */,
			);
			sourceTree = "<group>";
		};
		525658EE2CA3E93F00FD92E4 /* Products */ = {
			isa = PBXGroup;
			children = (
				525658ED2CA3E93F00FD92E4 /* TestLoginJomGoogle.app */,
				525658FE2CA3E94000FD92E4 /* TestLoginJomGoogleTests.xctest */,
				525659082CA3E94000FD92E4 /* TestLoginJomGoogleUITests.xctest */,
			);
			name = Products;
			sourceTree = "<group>";
		};
/* End PBXGroup section */

/* Begin PBXNativeTarget section */
		525658EC2CA3E93F00FD92E4 /* TestLoginJomGoogle */ = {
			isa = PBXNativeTarget;
			buildConfigurationList = 525659122CA3E94000FD92E4 /* Build configuration list for PBXNativeTarget "TestLoginJomGoogle" */;
			buildPhases = (
				525658E92CA3E93F00FD92E4 /* Sources */,
				525658EA2CA3E93F00FD92E4 /* Frameworks */,
				525658EB2CA3E93F00FD92E4 /* Resources */,
			);
			buildRules = (
			);
			dependencies = (
			);
			fileSystemSynchronizedGroups = (
				525658EF2CA3E93F00FD92E4 /* TestLoginJomGoogle */,
			);
			name = TestLoginJomGoogle;
			packageProductDependencies = (
				5256591C2CA3ED3600FD92E4 /* GoogleSignIn */,
				5256591E2CA3ED3600FD92E4 /* GoogleSignInSwift */,
			);
			productName = TestLoginJomGoogle;
			productReference = 525658ED2CA3E93F00FD92E4 /* TestLoginJomGoogle.app */;
			productType = "com.apple.product-type.application";
		};
		525658FD2CA3E94000FD92E4 /* TestLoginJomGoogleTests */ = {
			isa = PBXNativeTarget;
			buildConfigurationList = 525659152CA3E94000FD92E4 /* Build configuration list for PBXNativeTarget "TestLoginJomGoogleTests" */;
			buildPhases = (
				525658FA2CA3E94000FD92E4 /* Sources */,
				525658FB2CA3E94000FD92E4 /* Frameworks */,
				525658FC2CA3E94000FD92E4 /* Resources */,
			);
			buildRules = (
			);
			dependencies = (
				525659002CA3E94000FD92E4 /* PBXTargetDependency */,
			);
			fileSystemSynchronizedGroups = (
				525659012CA3E94000FD92E4 /* TestLoginJomGoogleTests */,
			);
			name = TestLoginJomGoogleTests;
			packageProductDependencies = (
			);
			productName = TestLoginJomGoogleTests;
			productReference = 525658FE2CA3E94000FD92E4 /* TestLoginJomGoogleTests.xctest */;
			productType = "com.apple.product-type.bundle.unit-test";
		};
		525659072CA3E94000FD92E4 /* TestLoginJomGoogleUITests */ = {
			isa = PBXNativeTarget;
			buildConfigurationList = 525659182CA3E94000FD92E4 /* Build configuration list for PBXNativeTarget "TestLoginJomGoogleUITests" */;
			buildPhases = (
				525659042CA3E94000FD92E4 /* Sources */,
				525659052CA3E94000FD92E4 /* Frameworks */,
				525659062CA3E94000FD92E4 /* Resources */,
			);
			buildRules = (
			);
			dependencies = (
				5256590A2CA3E94000FD92E4 /* PBXTargetDependency */,
			);
			fileSystemSynchronizedGroups = (
				5256590B2CA3E94000FD92E4 /* TestLoginJomGoogleUITests */,
			);
			name = TestLoginJomGoogleUITests;
			packageProductDependencies = (
			);
			productName = TestLoginJomGoogleUITests;
			productReference = 525659082CA3E94000FD92E4 /* TestLoginJomGoogleUITests.xctest */;
			productType = "com.apple.product-type.bundle.ui-testing";
		};
/* End PBXNativeTarget section */

/* Begin PBXProject section */
		525658E52CA3E93F00FD92E4 /* Project object */ = {
			isa = PBXProject;
			attributes = {
				BuildIndependentTargetsInParallel = 1;
				LastSwiftUpdateCheck = 1600;
				LastUpgradeCheck = 1600;
				TargetAttributes = {
					525658EC2CA3E93F00FD92E4 = {
						CreatedOnToolsVersion = 16.0;
					};
					525658FD2CA3E94000FD92E4 = {
						CreatedOnToolsVersion = 16.0;
						TestTargetID = 525658EC2CA3E93F00FD92E4;
					};
					525659072CA3E94000FD92E4 = {
						CreatedOnToolsVersion = 16.0;
						TestTargetID = 525658EC2CA3E93F00FD92E4;
					};
				};
			};
			buildConfigurationList = 525658E82CA3E93F00FD92E4 /* Build configuration list for PBXProject "TestLoginJomGoogle" */;
			developmentRegion = en;
			hasScannedForEncodings = 0;
			knownRegions = (
				en,
				Base,
			);
			mainGroup = 525658E42CA3E93F00FD92E4;
			minimizedProjectReferenceProxies = 1;
			packageReferences = (
				5256591B2CA3ED3600FD92E4 /* XCRemoteSwiftPackageReference "GoogleSignIn-iOS" */,
			);
			preferredProjectObjectVersion = 77;
			productRefGroup = 525658EE2CA3E93F00FD92E4 /* Products */;
			projectDirPath = "";
			projectRoot = "";
			targets = (
				525658EC2CA3E93F00FD92E4 /* TestLoginJomGoogle */,
				525658FD2CA3E94000FD92E4 /* TestLoginJomGoogleTests */,
				525659072CA3E94000FD92E4 /* TestLoginJomGoogleUITests */,
			);
		};
/* End PBXProject section */

/* Begin PBXResourcesBuildPhase section */
		525658EB2CA3E93F00FD92E4 /* Resources */ = {
			isa = PBXResourcesBuildPhase;
			buildActionMask = 2147483647;
			files = (
			);
			runOnlyForDeploymentPostprocessing = 0;
		};
		525658FC2CA3E94000FD92E4 /* Resources */ = {
			isa = PBXResourcesBuildPhase;
			buildActionMask = 2147483647;
			files = (
			);
			runOnlyForDeploymentPostprocessing = 0;
		};
		525659062CA3E94000FD92E4 /* Resources */ = {
			isa = PBXResourcesBuildPhase;
			buildActionMask = 2147483647;
			files = (
			);
			runOnlyForDeploymentPostprocessing = 0;
		};
/* End PBXResourcesBuildPhase section */

/* Begin PBXSourcesBuildPhase section */
		525658E92CA3E93F00FD92E4 /* Sources */ = {
			isa = PBXSourcesBuildPhase;
			buildActionMask = 2147483647;
			files = (
			);
			runOnlyForDeploymentPostprocessing = 0;
		};
		525658FA2CA3E94000FD92E4 /* Sources */ = {
			isa = PBXSourcesBuildPhase;
			buildActionMask = 2147483647;
			files = (
			);
			runOnlyForDeploymentPostprocessing = 0;
		};
		525659042CA3E94000FD92E4 /* Sources */ = {
			isa = PBXSourcesBuildPhase;
			buildActionMask = 2147483647;
			files = (
			);
			runOnlyForDeploymentPostprocessing = 0;
		};
/* End PBXSourcesBuildPhase section */

/* Begin PBXTargetDependency section */
		525659002CA3E94000FD92E4 /* PBXTargetDependency */ = {
			isa = PBXTargetDependency;
			target = 525658EC2CA3E93F00FD92E4 /* TestLoginJomGoogle */;
			targetProxy = 525658FF2CA3E94000FD92E4 /* PBXContainerItemProxy */;
		};
		5256590A2CA3E94000FD92E4 /* PBXTargetDependency */ = {
			isa = PBXTargetDependency;
			target = 525658EC2CA3E93F00FD92E4 /* TestLoginJomGoogle */;
			targetProxy = 525659092CA3E94000FD92E4 /* PBXContainerItemProxy */;
		};
/* End PBXTargetDependency section */

/* Begin XCBuildConfiguration section */
		525659102CA3E94000FD92E4 /* Debug */ = {
			isa = XCBuildConfiguration;
			buildSettings = {
				ALWAYS_SEARCH_USER_PATHS = NO;
				ASSETCATALOG_COMPILER_GENERATE_SWIFT_ASSET_SYMBOL_EXTENSIONS = YES;
				CLANG_ANALYZER_NONNULL = YES;
				CLANG_ANALYZER_NUMBER_OBJECT_CONVERSION = YES_AGGRESSIVE;
				CLANG_CXX_LANGUAGE_STANDARD = "gnu++20";
				CLANG_ENABLE_MODULES = YES;
				CLANG_ENABLE_OBJC_ARC = YES;
				CLANG_ENABLE_OBJC_WEAK = YES;
				CLANG_WARN_BLOCK_CAPTURE_AUTORELEASING = YES;
				CLANG_WARN_BOOL_CONVERSION = YES;
				CLANG_WARN_COMMA = YES;
				CLANG_WARN_CONSTANT_CONVERSION = YES;
				CLANG_WARN_DEPRECATED_OBJC_IMPLEMENTATIONS = YES;
				CLANG_WARN_DIRECT_OBJC_ISA_USAGE = YES_ERROR;
				CLANG_WARN_DOCUMENTATION_COMMENTS = YES;
				CLANG_WARN_EMPTY_BODY = YES;
				CLANG_WARN_ENUM_CONVERSION = YES;
				CLANG_WARN_INFINITE_RECURSION = YES;
				CLANG_WARN_INT_CONVERSION = YES;
				CLANG_WARN_NON_LITERAL_NULL_CONVERSION = YES;
				CLANG_WARN_OBJC_IMPLICIT_RETAIN_SELF = YES;
				CLANG_WARN_OBJC_LITERAL_CONVERSION = YES;
				CLANG_WARN_OBJC_ROOT_CLASS = YES_ERROR;
				CLANG_WARN_QUOTED_INCLUDE_IN_FRAMEWORK_HEADER = YES;
				CLANG_WARN_RANGE_LOOP_ANALYSIS = YES;
				CLANG_WARN_STRICT_PROTOTYPES = YES;
				CLANG_WARN_SUSPICIOUS_MOVE = YES;
				CLANG_WARN_UNGUARDED_AVAILABILITY = YES_AGGRESSIVE;
				CLANG_WARN_UNREACHABLE_CODE = YES;
				CLANG_WARN__DUPLICATE_METHOD_MATCH = YES;
				COPY_PHASE_STRIP = NO;
				DEBUG_INFORMATION_FORMAT = dwarf;
				ENABLE_STRICT_OBJC_MSGSEND = YES;
				ENABLE_TESTABILITY = YES;
				ENABLE_USER_SCRIPT_SANDBOXING = YES;
				GCC_C_LANGUAGE_STANDARD = gnu17;
				GCC_DYNAMIC_NO_PIC = NO;
				GCC_NO_COMMON_BLOCKS = YES;
				GCC_OPTIMIZATION_LEVEL = 0;
				GCC_PREPROCESSOR_DEFINITIONS = (
					"DEBUG=1",
					"$(inherited)",
				);
				GCC_WARN_64_TO_32_BIT_CONVERSION = YES;
				GCC_WARN_ABOUT_RETURN_TYPE = YES_ERROR;
				GCC_WARN_UNDECLARED_SELECTOR = YES;
				GCC_WARN_UNINITIALIZED_AUTOS = YES_AGGRESSIVE;
				GCC_WARN_UNUSED_FUNCTION = YES;
				GCC_WARN_UNUSED_VARIABLE = YES;
				LOCALIZATION_PREFERS_STRING_CATALOGS = YES;
				MTL_ENABLE_DEBUG_INFO = INCLUDE_SOURCE;
				MTL_FAST_MATH = YES;
				ONLY_ACTIVE_ARCH = YES;
				SWIFT_ACTIVE_COMPILATION_CONDITIONS = "DEBUG $(inherited)";
				SWIFT_OPTIMIZATION_LEVEL = "-Onone";
			};
			name = Debug;
		};
		525659112CA3E94000FD92E4 /* Release */ = {
			isa = XCBuildConfiguration;
			buildSettings = {
				ALWAYS_SEARCH_USER_PATHS = NO;
				ASSETCATALOG_COMPILER_GENERATE_SWIFT_ASSET_SYMBOL_EXTENSIONS = YES;
				CLANG_ANALYZER_NONNULL = YES;
				CLANG_ANALYZER_NUMBER_OBJECT_CONVERSION = YES_AGGRESSIVE;
				CLANG_CXX_LANGUAGE_STANDARD = "gnu++20";
				CLANG_ENABLE_MODULES = YES;
				CLANG_ENABLE_OBJC_ARC = YES;
				CLANG_ENABLE_OBJC_WEAK = YES;
				CLANG_WARN_BLOCK_CAPTURE_AUTORELEASING = YES;
				CLANG_WARN_BOOL_CONVERSION = YES;
				CLANG_WARN_COMMA = YES;
				CLANG_WARN_CONSTANT_CONVERSION = YES;
				CLANG_WARN_DEPRECATED_OBJC_IMPLEMENTATIONS = YES;
				CLANG_WARN_DIRECT_OBJC_ISA_USAGE = YES_ERROR;
				CLANG_WARN_DOCUMENTATION_COMMENTS = YES;
				CLANG_WARN_EMPTY_BODY = YES;
				CLANG_WARN_ENUM_CONVERSION = YES;
				CLANG_WARN_INFINITE_RECURSION = YES;
				CLANG_WARN_INT_CONVERSION = YES;
				CLANG_WARN_NON_LITERAL_NULL_CONVERSION = YES;
				CLANG_WARN_OBJC_IMPLICIT_RETAIN_SELF = YES;
				CLANG_WARN_OBJC_LITERAL_CONVERSION = YES;
				CLANG_WARN_OBJC_ROOT_CLASS = YES_ERROR;
				CLANG_WARN_QUOTED_INCLUDE_IN_FRAMEWORK_HEADER = YES;
				CLANG_WARN_RANGE_LOOP_ANALYSIS = YES;
				CLANG_WARN_STRICT_PROTOTYPES = YES;
				CLANG_WARN_SUSPICIOUS_MOVE = YES;
				CLANG_WARN_UNGUARDED_AVAILABILITY = YES_AGGRESSIVE;
				CLANG_WARN_UNREACHABLE_CODE = YES;
				CLANG_WARN__DUPLICATE_METHOD_MATCH = YES;
				COPY_PHASE_STRIP = NO;
				DEBUG_INFORMATION_FORMAT = "dwarf-with-dsym";
				ENABLE_NS_ASSERTIONS = NO;
				ENABLE_STRICT_OBJC_MSGSEND = YES;
				ENABLE_USER_SCRIPT_SANDBOXING = YES;
				GCC_C_LANGUAGE_STANDARD = gnu17;
				GCC_NO_COMMON_BLOCKS = YES;
				GCC_WARN_64_TO_32_BIT_CONVERSION = YES;
				GCC_WARN_ABOUT_RETURN_TYPE = YES_ERROR;
				GCC_WARN_UNDECLARED_SELECTOR = YES;
				GCC_WARN_UNINITIALIZED_AUTOS = YES_AGGRESSIVE;
				GCC_WARN_UNUSED_FUNCTION = YES;
				GCC_WARN_UNUSED_VARIABLE = YES;
				LOCALIZATION_PREFERS_STRING_CATALOGS = YES;
				MTL_ENABLE_DEBUG_INFO = NO;
				MTL_FAST_MATH = YES;
				SWIFT_COMPILATION_MODE = wholemodule;
			};
			name = Release;
		};
		525659132CA3E94000FD92E4 /* Debug */ = {
			isa = XCBuildConfiguration;
			buildSettings = {
				ASSETCATALOG_COMPILER_APPICON_NAME = AppIcon;
				ASSETCATALOG_COMPILER_GLOBAL_ACCENT_COLOR_NAME = AccentColor;
				CODE_SIGN_ENTITLEMENTS = TestLoginJomGoogle/TestLoginJomGoogle.entitlements;
				CODE_SIGN_STYLE = Automatic;
				CURRENT_PROJECT_VERSION = 1;
				DEVELOPMENT_ASSET_PATHS = "\"TestLoginJomGoogle/Preview Content\"";
				DEVELOPMENT_TEAM = 6WDQA8RW6A;
				ENABLE_HARDENED_RUNTIME = YES;
				ENABLE_PREVIEWS = YES;
				GENERATE_INFOPLIST_FILE = YES;
				INFOPLIST_FILE = TestLoginJomGoogle/Info.plist;
				"INFOPLIST_KEY_UIApplicationSceneManifest_Generation[sdk=iphoneos*]" = YES;
				"INFOPLIST_KEY_UIApplicationSceneManifest_Generation[sdk=iphonesimulator*]" = YES;
				"INFOPLIST_KEY_UIApplicationSupportsIndirectInputEvents[sdk=iphoneos*]" = YES;
				"INFOPLIST_KEY_UIApplicationSupportsIndirectInputEvents[sdk=iphonesimulator*]" = YES;
				"INFOPLIST_KEY_UILaunchScreen_Generation[sdk=iphoneos*]" = YES;
				"INFOPLIST_KEY_UILaunchScreen_Generation[sdk=iphonesimulator*]" = YES;
				"INFOPLIST_KEY_UIStatusBarStyle[sdk=iphoneos*]" = UIStatusBarStyleDefault;
				"INFOPLIST_KEY_UIStatusBarStyle[sdk=iphonesimulator*]" = UIStatusBarStyleDefault;
				INFOPLIST_KEY_UISupportedInterfaceOrientations_iPad = "UIInterfaceOrientationPortrait UIInterfaceOrientationPortraitUpsideDown UIInterfaceOrientationLandscapeLeft UIInterfaceOrientationLandscapeRight";
				INFOPLIST_KEY_UISupportedInterfaceOrientations_iPhone = "UIInterfaceOrientationPortrait UIInterfaceOrientationLandscapeLeft UIInterfaceOrientationLandscapeRight";
				IPHONEOS_DEPLOYMENT_TARGET = 18.0;
				LD_RUNPATH_SEARCH_PATHS = "@executable_path/Frameworks";
				"LD_RUNPATH_SEARCH_PATHS[sdk=macosx*]" = "@executable_path/../Frameworks";
				MACOSX_DEPLOYMENT_TARGET = 15.0;
				MARKETING_VERSION = 1.0;
				PRODUCT_BUNDLE_IDENTIFIER = com.TestLoginJomGoogle;
				PRODUCT_NAME = "$(TARGET_NAME)";
				SDKROOT = auto;
				SUPPORTED_PLATFORMS = "iphoneos iphonesimulator macosx xros xrsimulator";
				SWIFT_EMIT_LOC_STRINGS = YES;
				SWIFT_VERSION = 5.0;
				TARGETED_DEVICE_FAMILY = "1,2,7";
				XROS_DEPLOYMENT_TARGET = 2.0;
			};
			name = Debug;
		};
		525659142CA3E94000FD92E4 /* Release */ = {
			isa = XCBuildConfiguration;
			buildSettings = {
				ASSETCATALOG_COMPILER_APPICON_NAME = AppIcon;
				ASSETCATALOG_COMPILER_GLOBAL_ACCENT_COLOR_NAME = AccentColor;
				CODE_SIGN_ENTITLEMENTS = TestLoginJomGoogle/TestLoginJomGoogle.entitlements;
				CODE_SIGN_STYLE = Automatic;
				CURRENT_PROJECT_VERSION = 1;
				DEVELOPMENT_ASSET_PATHS = "\"TestLoginJomGoogle/Preview Content\"";
				DEVELOPMENT_TEAM = 6WDQA8RW6A;
				ENABLE_HARDENED_RUNTIME = YES;
				ENABLE_PREVIEWS = YES;
				GENERATE_INFOPLIST_FILE = YES;
				INFOPLIST_FILE = TestLoginJomGoogle/Info.plist;
				"INFOPLIST_KEY_UIApplicationSceneManifest_Generation[sdk=iphoneos*]" = YES;
				"INFOPLIST_KEY_UIApplicationSceneManifest_Generation[sdk=iphonesimulator*]" = YES;
				"INFOPLIST_KEY_UIApplicationSupportsIndirectInputEvents[sdk=iphoneos*]" = YES;
				"INFOPLIST_KEY_UIApplicationSupportsIndirectInputEvents[sdk=iphonesimulator*]" = YES;
				"INFOPLIST_KEY_UILaunchScreen_Generation[sdk=iphoneos*]" = YES;
				"INFOPLIST_KEY_UILaunchScreen_Generation[sdk=iphonesimulator*]" = YES;
				"INFOPLIST_KEY_UIStatusBarStyle[sdk=iphoneos*]" = UIStatusBarStyleDefault;
				"INFOPLIST_KEY_UIStatusBarStyle[sdk=iphonesimulator*]" = UIStatusBarStyleDefault;
				INFOPLIST_KEY_UISupportedInterfaceOrientations_iPad = "UIInterfaceOrientationPortrait UIInterfaceOrientationPortraitUpsideDown UIInterfaceOrientationLandscapeLeft UIInterfaceOrientationLandscapeRight";
				INFOPLIST_KEY_UISupportedInterfaceOrientations_iPhone = "UIInterfaceOrientationPortrait UIInterfaceOrientationLandscapeLeft UIInterfaceOrientationLandscapeRight";
				IPHONEOS_DEPLOYMENT_TARGET = 18.0;
				LD_RUNPATH_SEARCH_PATHS = "@executable_path/Frameworks";
				"LD_RUNPATH_SEARCH_PATHS[sdk=macosx*]" = "@executable_path/../Frameworks";
				MACOSX_DEPLOYMENT_TARGET = 15.0;
				MARKETING_VERSION = 1.0;
				PRODUCT_BUNDLE_IDENTIFIER = com.TestLoginJomGoogle;
				PRODUCT_NAME = "$(TARGET_NAME)";
				SDKROOT = auto;
				SUPPORTED_PLATFORMS = "iphoneos iphonesimulator macosx xros xrsimulator";
				SWIFT_EMIT_LOC_STRINGS = YES;
				SWIFT_VERSION = 5.0;
				TARGETED_DEVICE_FAMILY = "1,2,7";
				XROS_DEPLOYMENT_TARGET = 2.0;
			};
			name = Release;
		};
		525659162CA3E94000FD92E4 /* Debug */ = {
			isa = XCBuildConfiguration;
			buildSettings = {
				BUNDLE_LOADER = "$(TEST_HOST)";
				CODE_SIGN_STYLE = Automatic;
				CURRENT_PROJECT_VERSION = 1;
				DEVELOPMENT_TEAM = 6WDQA8RW6A;
				GENERATE_INFOPLIST_FILE = YES;
				IPHONEOS_DEPLOYMENT_TARGET = 18.0;
				MACOSX_DEPLOYMENT_TARGET = 15.0;
				MARKETING_VERSION = 1.0;
				PRODUCT_BUNDLE_IDENTIFIER = com.TestLoginJomGoogleTests;
				PRODUCT_NAME = "$(TARGET_NAME)";
				SDKROOT = auto;
				SUPPORTED_PLATFORMS = "iphoneos iphonesimulator macosx xros xrsimulator";
				SWIFT_EMIT_LOC_STRINGS = NO;
				SWIFT_VERSION = 5.0;
				TARGETED_DEVICE_FAMILY = "1,2,7";
				TEST_HOST = "$(BUILT_PRODUCTS_DIR)/TestLoginJomGoogle.app/$(BUNDLE_EXECUTABLE_FOLDER_PATH)/TestLoginJomGoogle";
				XROS_DEPLOYMENT_TARGET = 2.0;
			};
			name = Debug;
		};
		525659172CA3E94000FD92E4 /* Release */ = {
			isa = XCBuildConfiguration;
			buildSettings = {
				BUNDLE_LOADER = "$(TEST_HOST)";
				CODE_SIGN_STYLE = Automatic;
				CURRENT_PROJECT_VERSION = 1;
				DEVELOPMENT_TEAM = 6WDQA8RW6A;
				GENERATE_INFOPLIST_FILE = YES;
				IPHONEOS_DEPLOYMENT_TARGET = 18.0;
				MACOSX_DEPLOYMENT_TARGET = 15.0;
				MARKETING_VERSION = 1.0;
				PRODUCT_BUNDLE_IDENTIFIER = com.TestLoginJomGoogleTests;
				PRODUCT_NAME = "$(TARGET_NAME)";
				SDKROOT = auto;
				SUPPORTED_PLATFORMS = "iphoneos iphonesimulator macosx xros xrsimulator";
				SWIFT_EMIT_LOC_STRINGS = NO;
				SWIFT_VERSION = 5.0;
				TARGETED_DEVICE_FAMILY = "1,2,7";
				TEST_HOST = "$(BUILT_PRODUCTS_DIR)/TestLoginJomGoogle.app/$(BUNDLE_EXECUTABLE_FOLDER_PATH)/TestLoginJomGoogle";
				XROS_DEPLOYMENT_TARGET = 2.0;
			};
			name = Release;
		};
		525659192CA3E94000FD92E4 /* Debug */ = {
			isa = XCBuildConfiguration;
			buildSettings = {
				CODE_SIGN_STYLE = Automatic;
				CURRENT_PROJECT_VERSION = 1;
				DEVELOPMENT_TEAM = 6WDQA8RW6A;
				GENERATE_INFOPLIST_FILE = YES;
				IPHONEOS_DEPLOYMENT_TARGET = 18.0;
				MACOSX_DEPLOYMENT_TARGET = 15.0;
				MARKETING_VERSION = 1.0;
				PRODUCT_BUNDLE_IDENTIFIER = com.TestLoginJomGoogleUITests;
				PRODUCT_NAME = "$(TARGET_NAME)";
				SDKROOT = auto;
				SUPPORTED_PLATFORMS = "iphoneos iphonesimulator macosx xros xrsimulator";
				SWIFT_EMIT_LOC_STRINGS = NO;
				SWIFT_VERSION = 5.0;
				TARGETED_DEVICE_FAMILY = "1,2,7";
				TEST_TARGET_NAME = TestLoginJomGoogle;
				XROS_DEPLOYMENT_TARGET = 2.0;
			};
			name = Debug;
		};
		5256591A2CA3E94000FD92E4 /* Release */ = {
			isa = XCBuildConfiguration;
			buildSettings = {
				CODE_SIGN_STYLE = Automatic;
				CURRENT_PROJECT_VERSION = 1;
				DEVELOPMENT_TEAM = 6WDQA8RW6A;
				GENERATE_INFOPLIST_FILE = YES;
				IPHONEOS_DEPLOYMENT_TARGET = 18.0;
				MACOSX_DEPLOYMENT_TARGET = 15.0;
				MARKETING_VERSION = 1.0;
				PRODUCT_BUNDLE_IDENTIFIER = com.TestLoginJomGoogleUITests;
				PRODUCT_NAME = "$(TARGET_NAME)";
				SDKROOT = auto;
				SUPPORTED_PLATFORMS = "iphoneos iphonesimulator macosx xros xrsimulator";
				SWIFT_EMIT_LOC_STRINGS = NO;
				SWIFT_VERSION = 5.0;
				TARGETED_DEVICE_FAMILY = "1,2,7";
				TEST_TARGET_NAME = TestLoginJomGoogle;
				XROS_DEPLOYMENT_TARGET = 2.0;
			};
			name = Release;
		};
/* End XCBuildConfiguration section */

/* Begin XCConfigurationList section */
		525658E82CA3E93F00FD92E4 /* Build configuration list for PBXProject "TestLoginJomGoogle" */ = {
			isa = XCConfigurationList;
			buildConfigurations = (
				525659102CA3E94000FD92E4 /* Debug */,
				525659112CA3E94000FD92E4 /* Release */,
			);
			defaultConfigurationIsVisible = 0;
			defaultConfigurationName = Release;
		};
		525659122CA3E94000FD92E4 /* Build configuration list for PBXNativeTarget "TestLoginJomGoogle" */ = {
			isa = XCConfigurationList;
			buildConfigurations = (
				525659132CA3E94000FD92E4 /* Debug */,
				525659142CA3E94000FD92E4 /* Release */,
			);
			defaultConfigurationIsVisible = 0;
			defaultConfigurationName = Release;
		};
		525659152CA3E94000FD92E4 /* Build configuration list for PBXNativeTarget "TestLoginJomGoogleTests" */ = {
			isa = XCConfigurationList;
			buildConfigurations = (
				525659162CA3E94000FD92E4 /* Debug */,
				525659172CA3E94000FD92E4 /* Release */,
			);
			defaultConfigurationIsVisible = 0;
			defaultConfigurationName = Release;
		};
		525659182CA3E94000FD92E4 /* Build configuration list for PBXNativeTarget "TestLoginJomGoogleUITests" */ = {
			isa = XCConfigurationList;
			buildConfigurations = (
				525659192CA3E94000FD92E4 /* Debug */,
				5256591A2CA3E94000FD92E4 /* Release */,
			);
			defaultConfigurationIsVisible = 0;
			defaultConfigurationName = Release;
		};
/* End XCConfigurationList section */

/* Begin XCRemoteSwiftPackageReference section */
		5256591B2CA3ED3600FD92E4 /* XCRemoteSwiftPackageReference "GoogleSignIn-iOS" */ = {
			isa = XCRemoteSwiftPackageReference;
			repositoryURL = "https://github.com/google/GoogleSignIn-iOS";
			requirement = {
				kind = upToNextMajorVersion;
				minimumVersion = 8.0.0;
			};
		};
/* End XCRemoteSwiftPackageReference section */

/* Begin XCSwiftPackageProductDependency section */
		5256591C2CA3ED3600FD92E4 /* GoogleSignIn */ = {
			isa = XCSwiftPackageProductDependency;
			package = 5256591B2CA3ED3600FD92E4 /* XCRemoteSwiftPackageReference "GoogleSignIn-iOS" */;
			productName = GoogleSignIn;
		};
		5256591E2CA3ED3600FD92E4 /* GoogleSignInSwift */ = {
			isa = XCSwiftPackageProductDependency;
			package = 5256591B2CA3ED3600FD92E4 /* XCRemoteSwiftPackageReference "GoogleSignIn-iOS" */;
			productName = GoogleSignInSwift;
		};
/* End XCSwiftPackageProductDependency section */
	};
	rootObject = 525658E52CA3E93F00FD92E4 /* Project object */;
}
